// !$*UTF8*$!
{
	archiveVersion = 1;
	classes = {
	};
	objectVersion = 46;
	objects = {

/* Begin PBXBuildFile section */
		A401F00715129E160083DC6D /* libSQSFraction_iOS.a in Frameworks */ = {isa = PBXBuildFile; fileRef = A401F00615129E160083DC6D /* libSQSFraction_iOS.a */; };
		A457C796151281AE005F31E7 /* UIKit.framework in Frameworks */ = {isa = PBXBuildFile; fileRef = A457C795151281AE005F31E7 /* UIKit.framework */; };
		A457C798151281AE005F31E7 /* Foundation.framework in Frameworks */ = {isa = PBXBuildFile; fileRef = A457C797151281AE005F31E7 /* Foundation.framework */; };
		A457C79A151281AE005F31E7 /* CoreGraphics.framework in Frameworks */ = {isa = PBXBuildFile; fileRef = A457C799151281AE005F31E7 /* CoreGraphics.framework */; };
		A457C7A0151281AE005F31E7 /* InfoPlist.strings in Resources */ = {isa = PBXBuildFile; fileRef = A457C79E151281AE005F31E7 /* InfoPlist.strings */; };
		A457C7A2151281AE005F31E7 /* main.m in Sources */ = {isa = PBXBuildFile; fileRef = A457C7A1151281AE005F31E7 /* main.m */; };
		A457C7A6151281AE005F31E7 /* SQSAppDelegate.m in Sources */ = {isa = PBXBuildFile; fileRef = A457C7A5151281AE005F31E7 /* SQSAppDelegate.m */; };
		A457C7A9151281AE005F31E7 /* SQSViewController.m in Sources */ = {isa = PBXBuildFile; fileRef = A457C7A8151281AE005F31E7 /* SQSViewController.m */; };
		A457C7AC151281AE005F31E7 /* SQSViewController.xib in Resources */ = {isa = PBXBuildFile; fileRef = A457C7AA151281AE005F31E7 /* SQSViewController.xib */; };
/* End PBXBuildFile section */

/* Begin PBXFileReference section */
		A401F00615129E160083DC6D /* libSQSFraction_iOS.a */ = {isa = PBXFileReference; lastKnownFileType = archive.ar; name = libSQSFraction_iOS.a; path = "../build/Release-iphoneos/libSQSFraction_iOS.a"; sourceTree = "<group>"; };
		A457C791151281AE005F31E7 /* FractioniPadDemo.app */ = {isa = PBXFileReference; explicitFileType = wrapper.application; includeInIndex = 0; path = FractioniPadDemo.app; sourceTree = BUILT_PRODUCTS_DIR; };
		A457C795151281AE005F31E7 /* UIKit.framework */ = {isa = PBXFileReference; lastKnownFileType = wrapper.framework; name = UIKit.framework; path = System/Library/Frameworks/UIKit.framework; sourceTree = SDKROOT; };
		A457C797151281AE005F31E7 /* Foundation.framework */ = {isa = PBXFileReference; lastKnownFileType = wrapper.framework; name = Foundation.framework; path = System/Library/Frameworks/Foundation.framework; sourceTree = SDKROOT; };
		A457C799151281AE005F31E7 /* CoreGraphics.framework */ = {isa = PBXFileReference; lastKnownFileType = wrapper.framework; name = CoreGraphics.framework; path = System/Library/Frameworks/CoreGraphics.framework; sourceTree = SDKROOT; };
		A457C79D151281AE005F31E7 /* FractioniPadDemo-Info.plist */ = {isa = PBXFileReference; lastKnownFileType = text.plist.xml; path = "FractioniPadDemo-Info.plist"; sourceTree = "<group>"; };
		A457C79F151281AE005F31E7 /* en */ = {isa = PBXFileReference; lastKnownFileType = text.plist.strings; name = en; path = en.lproj/InfoPlist.strings; sourceTree = "<group>"; };
		A457C7A1151281AE005F31E7 /* main.m */ = {isa = PBXFileReference; lastKnownFileType = sourcecode.c.objc; path = main.m; sourceTree = "<group>"; };
		A457C7A3151281AE005F31E7 /* FractioniPadDemo-Prefix.pch */ = {isa = PBXFileReference; lastKnownFileType = sourcecode.c.h; path = "FractioniPadDemo-Prefix.pch"; sourceTree = "<group>"; };
		A457C7A4151281AE005F31E7 /* SQSAppDelegate.h */ = {isa = PBXFileReference; lastKnownFileType = sourcecode.c.h; path = SQSAppDelegate.h; sourceTree = "<group>"; };
		A457C7A5151281AE005F31E7 /* SQSAppDelegate.m */ = {isa = PBXFileReference; lastKnownFileType = sourcecode.c.objc; path = SQSAppDelegate.m; sourceTree = "<group>"; };
		A457C7A7151281AE005F31E7 /* SQSViewController.h */ = {isa = PBXFileReference; lastKnownFileType = sourcecode.c.h; path = SQSViewController.h; sourceTree = "<group>"; };
		A457C7A8151281AE005F31E7 /* SQSViewController.m */ = {isa = PBXFileReference; lastKnownFileType = sourcecode.c.objc; path = SQSViewController.m; sourceTree = "<group>"; };
		A457C7AB151281AE005F31E7 /* en */ = {isa = PBXFileReference; lastKnownFileType = file.xib; name = en; path = en.lproj/SQSViewController.xib; sourceTree = "<group>"; };
/* End PBXFileReference section */

/* Begin PBXFrameworksBuildPhase section */
		A457C78E151281AE005F31E7 /* Frameworks */ = {
			isa = PBXFrameworksBuildPhase;
			buildActionMask = 2147483647;
			files = (
				A401F00715129E160083DC6D /* libSQSFraction_iOS.a in Frameworks */,
				A457C796151281AE005F31E7 /* UIKit.framework in Frameworks */,
				A457C798151281AE005F31E7 /* Foundation.framework in Frameworks */,
				A457C79A151281AE005F31E7 /* CoreGraphics.framework in Frameworks */,
			);
			runOnlyForDeploymentPostprocessing = 0;
		};
/* End PBXFrameworksBuildPhase section */

/* Begin PBXGroup section */
		A457C786151281AE005F31E7 = {
			isa = PBXGroup;
			children = (
				A401F00615129E160083DC6D /* libSQSFraction_iOS.a */,
				A457C79B151281AE005F31E7 /* FractioniPadDemo */,
				A457C794151281AE005F31E7 /* Frameworks */,
				A457C792151281AE005F31E7 /* Products */,
			);
			sourceTree = "<group>";
		};
		A457C792151281AE005F31E7 /* Products */ = {
			isa = PBXGroup;
			children = (
				A457C791151281AE005F31E7 /* FractioniPadDemo.app */,
			);
			name = Products;
			sourceTree = "<group>";
		};
		A457C794151281AE005F31E7 /* Frameworks */ = {
			isa = PBXGroup;
			children = (
				A457C795151281AE005F31E7 /* UIKit.framework */,
				A457C797151281AE005F31E7 /* Foundation.framework */,
				A457C799151281AE005F31E7 /* CoreGraphics.framework */,
			);
			name = Frameworks;
			sourceTree = "<group>";
		};
		A457C79B151281AE005F31E7 /* FractioniPadDemo */ = {
			isa = PBXGroup;
			children = (
				A457C7A4151281AE005F31E7 /* SQSAppDelegate.h */,
				A457C7A5151281AE005F31E7 /* SQSAppDelegate.m */,
				A457C7A7151281AE005F31E7 /* SQSViewController.h */,
				A457C7A8151281AE005F31E7 /* SQSViewController.m */,
				A457C7AA151281AE005F31E7 /* SQSViewController.xib */,
				A457C79C151281AE005F31E7 /* Supporting Files */,
			);
			path = FractioniPadDemo;
			sourceTree = "<group>";
		};
		A457C79C151281AE005F31E7 /* Supporting Files */ = {
			isa = PBXGroup;
			children = (
				A457C79D151281AE005F31E7 /* FractioniPadDemo-Info.plist */,
				A457C79E151281AE005F31E7 /* InfoPlist.strings */,
				A457C7A1151281AE005F31E7 /* main.m */,
				A457C7A3151281AE005F31E7 /* FractioniPadDemo-Prefix.pch */,
			);
			name = "Supporting Files";
			sourceTree = "<group>";
		};
/* End PBXGroup section */

/* Begin PBXNativeTarget section */
		A457C790151281AE005F31E7 /* FractioniPadDemo */ = {
			isa = PBXNativeTarget;
			buildConfigurationList = A457C7AF151281AE005F31E7 /* Build configuration list for PBXNativeTarget "FractioniPadDemo" */;
			buildPhases = (
				A457C78D151281AE005F31E7 /* Sources */,
				A457C78E151281AE005F31E7 /* Frameworks */,
				A457C78F151281AE005F31E7 /* Resources */,
			);
			buildRules = (
			);
			dependencies = (
			);
			name = FractioniPadDemo;
			productName = FractioniPadDemo;
			productReference = A457C791151281AE005F31E7 /* FractioniPadDemo.app */;
			productType = "com.apple.product-type.application";
		};
/* End PBXNativeTarget section */

/* Begin PBXProject section */
		A457C788151281AE005F31E7 /* Project object */ = {
			isa = PBXProject;
			attributes = {
				CLASSPREFIX = SQS;
				LastUpgradeCheck = 0430;
			};
			buildConfigurationList = A457C78B151281AE005F31E7 /* Build configuration list for PBXProject "FractioniPadDemo" */;
			compatibilityVersion = "Xcode 3.2";
			developmentRegion = English;
			hasScannedForEncodings = 0;
			knownRegions = (
				en,
			);
			mainGroup = A457C786151281AE005F31E7;
			productRefGroup = A457C792151281AE005F31E7 /* Products */;
			projectDirPath = "";
			projectRoot = "";
			targets = (
				A457C790151281AE005F31E7 /* FractioniPadDemo */,
			);
		};
/* End PBXProject section */

/* Begin PBXResourcesBuildPhase section */
		A457C78F151281AE005F31E7 /* Resources */ = {
			isa = PBXResourcesBuildPhase;
			buildActionMask = 2147483647;
			files = (
				A457C7A0151281AE005F31E7 /* InfoPlist.strings in Resources */,
				A457C7AC151281AE005F31E7 /* SQSViewController.xib in Resources */,
			);
			runOnlyForDeploymentPostprocessing = 0;
		};
/* End PBXResourcesBuildPhase section */

/* Begin PBXSourcesBuildPhase section */
		A457C78D151281AE005F31E7 /* Sources */ = {
			isa = PBXSourcesBuildPhase;
			buildActionMask = 2147483647;
			files = (
				A457C7A2151281AE005F31E7 /* main.m in Sources */,
				A457C7A6151281AE005F31E7 /* SQSAppDelegate.m in Sources */,
				A457C7A9151281AE005F31E7 /* SQSViewController.m in Sources */,
			);
			runOnlyForDeploymentPostprocessing = 0;
		};
/* End PBXSourcesBuildPhase section */

/* Begin PBXVariantGroup section */
		A457C79E151281AE005F31E7 /* InfoPlist.strings */ = {
			isa = PBXVariantGroup;
			children = (
				A457C79F151281AE005F31E7 /* en */,
			);
			name = InfoPlist.strings;
			sourceTree = "<group>";
		};
		A457C7AA151281AE005F31E7 /* SQSViewController.xib */ = {
			isa = PBXVariantGroup;
			children = (
				A457C7AB151281AE005F31E7 /* en */,
			);
			name = SQSViewController.xib;
			sourceTree = "<group>";
		};
/* End PBXVariantGroup section */

/* Begin XCBuildConfiguration section */
		A457C7AD151281AE005F31E7 /* Debug */ = {
			isa = XCBuildConfiguration;
			buildSettings = {
				ARCHS = "$(ARCHS_STANDARD_32_BIT)";
				"CODE_SIGN_IDENTITY[sdk=iphoneos*]" = "iPhone Developer";
				COPY_PHASE_STRIP = NO;
				GCC_C_LANGUAGE_STANDARD = gnu99;
				GCC_DYNAMIC_NO_PIC = NO;
				GCC_OPTIMIZATION_LEVEL = 0;
				GCC_PREPROCESSOR_DEFINITIONS = (
					"DEBUG=1",
					"$(inherited)",
				);
				GCC_SYMBOLS_PRIVATE_EXTERN = NO;
				GCC_VERSION = com.apple.compilers.llvm.clang.1_0;
				GCC_WARN_ABOUT_RETURN_TYPE = YES;
				GCC_WARN_UNINITIALIZED_AUTOS = YES;
				GCC_WARN_UNUSED_VARIABLE = YES;
				IPHONEOS_DEPLOYMENT_TARGET = 5.1;
				OTHER_LDFLAGS = "-ObjC";
				SDKROOT = iphoneos;
				TARGETED_DEVICE_FAMILY = 2;
				USER_HEADER_SEARCH_PATHS = "${BUILT_PRODUCTS_DIR}/**";
			};
			name = Debug;
		};
		A457C7AE151281AE005F31E7 /* Release */ = {
			isa = XCBuildConfiguration;
			buildSettings = {
				ARCHS = "$(ARCHS_STANDARD_32_BIT)";
				"CODE_SIGN_IDENTITY[sdk=iphoneos*]" = "iPhone Developer";
				COPY_PHASE_STRIP = YES;
				GCC_C_LANGUAGE_STANDARD = gnu99;
				GCC_VERSION = com.apple.compilers.llvm.clang.1_0;
				GCC_WARN_ABOUT_RETURN_TYPE = YES;
				GCC_WARN_UNINITIALIZED_AUTOS = YES;
				GCC_WARN_UNUSED_VARIABLE = YES;
				IPHONEOS_DEPLOYMENT_TARGET = 5.1;
				OTHER_CFLAGS = "-DNS_BLOCK_ASSERTIONS=1";
				OTHER_LDFLAGS = "-ObjC";
				SDKROOT = iphoneos;
				TARGETED_DEVICE_FAMILY = 2;
				USER_HEADER_SEARCH_PATHS = "${BUILT_PRODUCTS_DIR}/**";
				VALIDATE_PRODUCT = YES;
			};
			name = Release;
		};
		A457C7B0151281AE005F31E7 /* Debug */ = {
			isa = XCBuildConfiguration;
			buildSettings = {
				GCC_PRECOMPILE_PREFIX_HEADER = YES;
				GCC_PREFIX_HEADER = "FractioniPadDemo/FractioniPadDemo-Prefix.pch";
				INFOPLIST_FILE = "FractioniPadDemo/FractioniPadDemo-Info.plist";
				PRODUCT_NAME = "$(TARGET_NAME)";
				WRAPPER_EXTENSION = app;
			};
			name = Debug;
		};
		A457C7B1151281AE005F31E7 /* Release */ = {
			isa = XCBuildConfiguration;
			buildSettings = {
				GCC_PRECOMPILE_PREFIX_HEADER = YES;
				GCC_PREFIX_HEADER = "FractioniPadDemo/FractioniPadDemo-Prefix.pch";
				INFOPLIST_FILE = "FractioniPadDemo/FractioniPadDemo-Info.plist";
				PRODUCT_NAME = "$(TARGET_NAME)";
				WRAPPER_EXTENSION = app;
			};
			name = Release;
		};
/* End XCBuildConfiguration section */

/* Begin XCConfigurationList section */
		A457C78B151281AE005F31E7 /* Build configuration list for PBXProject "FractioniPadDemo" */ = {
			isa = XCConfigurationList;
			buildConfigurations = (
				A457C7AD151281AE005F31E7 /* Debug */,
				A457C7AE151281AE005F31E7 /* Release */,
			);
			defaultConfigurationIsVisible = 0;
			defaultConfigurationName = Release;
		};
		A457C7AF151281AE005F31E7 /* Build configuration list for PBXNativeTarget "FractioniPadDemo" */ = {
			isa = XCConfigurationList;
			buildConfigurations = (
				A457C7B0151281AE005F31E7 /* Debug */,
				A457C7B1151281AE005F31E7 /* Release */,
			);
			defaultConfigurationIsVisible = 0;
			defaultConfigurationName = Release;
		};
/* End XCConfigurationList section */
	};
	rootObject = A457C788151281AE005F31E7 /* Project object */;
}
